
Microsoft Visual Studio Solution File, Format Version 12.00
# Visual Studio Version 16
VisualStudioVersion = 16.0.32228.343
MinimumVisualStudioVersion = 10.0.40219.1
Project("{FAE04EC0-301F-11D3-BF4B-00C04F79EFBC}") = "BolshayaPachka", "BolshayaPachka\BolshayaPachka.csproj", "{4F14E8F0-7B07-4917-B978-5ECEC8F260F0}"
EndProject
Global
	GlobalSection(SolutionConfigurationPlatforms) = preSolution
		Debug|Any CPU = Debug|Any CPU
		Release|Any CPU = Release|Any CPU
	EndGlobalSection
	GlobalSection(ProjectConfigurationPlatforms) = postSolution
		{4F14E8F0-7B07-4917-B978-5ECEC8F260F0}.Debug|Any CPU.ActiveCfg = Debug|Any CPU
		{4F14E8F0-7B07-4917-B978-5ECEC8F260F0}.Debug|Any CPU.Build.0 = Debug|Any CPU
		{4F14E8F0-7B07-4917-B978-5ECEC8F260F0}.Release|Any CPU.ActiveCfg = Release|Any CPU
		{4F14E8F0-7B07-4917-B978-5ECEC8F260F0}.Release|Any CPU.Build.0 = Release|Any CPU
	EndGlobalSection
	GlobalSection(SolutionProperties) = preSolution
		HideSolutionNode = FALSE
	EndGlobalSection
	GlobalSection(ExtensibilityGlobals) = postSolution
		SolutionGuid = {2A58DB1C-4B32-4FA5-96CE-96BE66ED6680}
	EndGlobalSection
EndGlobal
